
Microsoft Visual Studio Solution File, Format Version 12.00
# Visual Studio Version 17
VisualStudioVersion = 17.4.33213.308
MinimumVisualStudioVersion = 10.0.40219.1
Project("{FAE04EC0-301F-11D3-BF4B-00C04F79EFBC}") = "LeetCodeSolutionsCSharp", "LeetCodeSolutionsCSharp.csproj", "{8F011338-15B3-47BB-9B46-8966AF727FA5}"
EndProject
Project("{FAE04EC0-301F-11D3-BF4B-00C04F79EFBC}") = "LeetCodeSolutionsCSharpTests", "..\LeetCodeSolutionsCSharpTests\LeetCodeSolutionsCSharpTests.csproj", "{7F00005D-C87A-4F3D-A7C7-90DB2B562EB9}"
EndProject
Global
	GlobalSection(SolutionConfigurationPlatforms) = preSolution
		Debug|Any CPU = Debug|Any CPU
		Release|Any CPU = Release|Any CPU
	EndGlobalSection
	GlobalSection(ProjectConfigurationPlatforms) = postSolution
		{8F011338-15B3-47BB-9B46-8966AF727FA5}.Debug|Any CPU.ActiveCfg = Debug|Any CPU
		{8F011338-15B3-47BB-9B46-8966AF727FA5}.Debug|Any CPU.Build.0 = Debug|Any CPU
		{8F011338-15B3-47BB-9B46-8966AF727FA5}.Release|Any CPU.ActiveCfg = Release|Any CPU
		{8F011338-15B3-47BB-9B46-8966AF727FA5}.Release|Any CPU.Build.0 = Release|Any CPU
		{7F00005D-C87A-4F3D-A7C7-90DB2B562EB9}.Debug|Any CPU.ActiveCfg = Debug|Any CPU
		{7F00005D-C87A-4F3D-A7C7-90DB2B562EB9}.Debug|Any CPU.Build.0 = Debug|Any CPU
		{7F00005D-C87A-4F3D-A7C7-90DB2B562EB9}.Release|Any CPU.ActiveCfg = Release|Any CPU
		{7F00005D-C87A-4F3D-A7C7-90DB2B562EB9}.Release|Any CPU.Build.0 = Release|Any CPU
	EndGlobalSection
	GlobalSection(SolutionProperties) = preSolution
		HideSolutionNode = FALSE
	EndGlobalSection
	GlobalSection(ExtensibilityGlobals) = postSolution
		SolutionGuid = {6A85E2F4-D2B4-4210-9AB8-D94F0B6EE5EC}
	EndGlobalSection
EndGlobal
